{
	"archiveVersion": "1",
	"classes": {},
	"objectVersion": "54",
	"objects": {
		"0544A44D-BA1B-4B8B-9CEA-6BF26F64C015": {
			"children": [
				"8A83084E-B7CE-4248-ADAC-DDE325B6BE56"
			],
			"isa": "PBXGroup",
			"name": "ofxTskokmtMath",
			"path": "src/addons/ofxTskokmtMath",
			"sourceTree": "SOURCE_ROOT"
		},
		"0590E651-B00E-40B7-898B-C25781D91C8B": {
			"explicitFileType": "sourcecode.cpp.cpp",
			"fileEncoding": "4",
			"isa": "PBXFileReference",
			"name": "VStack.cpp",
			"path": "src/addons/ofxFrameOcean/src/VStack.cpp",
			"sourceTree": "SOURCE_ROOT"
		},
		"06CBCCA4-91CF-45CE-B722-FED0F27F2570": {
			"explicitFileType": "sourcecode.cpp.cpp",
			"fileEncoding": "4",
			"isa": "PBXFileReference",
			"name": "visual05.cpp",
			"path": "src/visual05.cpp",
			"sourceTree": "SOURCE_ROOT"
		},
		"16A37B65-A0E1-4B92-AC83-DD67AF35ADF5": {
			"children": [
				"4DA3D96A-0425-40F8-A9C3-89C42E707A11",
				"0544A44D-BA1B-4B8B-9CEA-6BF26F64C015"
			],
			"isa": "PBXGroup",
			"name": "addons",
			"path": "src/addons",
			"sourceTree": "SOURCE_ROOT"
		},
		"191CD6FA2847E21E0085CBB6": {
			"fileEncoding": "4",
			"isa": "PBXFileReference",
			"lastKnownFileType": "text.plist.entitlements",
			"path": "of.entitlements",
			"sourceTree": "<group>"
		},
		"191EF70929D778A400F35F26": {
			"isa": "PBXFileReference",
			"lastKnownFileType": "folder",
			"name": "openFrameworks",
			"path": "/Users/tskokmt/Downloads/of_v0.12.0_osx_release/libs/openFrameworks",
			"sourceTree": "SOURCE_ROOT"
		},
		"19B789C429E5AB4A0082E9B8": {
			"buildActionMask": "2147483647",
			"files": [],
			"inputFileListPaths": [],
			"inputPaths": [],
			"isa": "PBXShellScriptBuildPhase",
			"outputFileListPaths": [],
			"outputPaths": [],
			"runOnlyForDeploymentPostprocessing": "0",
			"shellPath": "/bin/sh",
			"shellScript": "\"$OF_PATH/scripts/osx/xcode_project.sh\"\n",
			"showEnvVarsInLog": "0"
		},
		"1A419062-F988-43B7-84A2-20642DBF39C8": {
			"explicitFileType": "sourcecode.c.h",
			"fileEncoding": "4",
			"isa": "PBXFileReference",
			"name": "marginBand.h",
			"path": "src/addons/ofxFrameOcean/src/marginBand.h",
			"sourceTree": "SOURCE_ROOT"
		},
		"284A7045-C157-4C69-843C-2E74D254BE02": {
			"explicitFileType": "sourcecode.cpp.cpp",
			"fileEncoding": "4",
			"isa": "PBXFileReference",
			"name": "ofxTskokmtMath.cpp",
			"path": "src/addons/ofxTskokmtMath/src/ofxTskokmtMath.cpp",
			"sourceTree": "SOURCE_ROOT"
		},
		"33C933E8-4EA5-45EA-B82B-FB5123A26F52": {
			"explicitFileType": "sourcecode.c.h",
			"fileEncoding": "4",
			"isa": "PBXFileReference",
			"name": "ofxFrameOcean.h",
			"path": "src/addons/ofxFrameOcean/src/ofxFrameOcean.h",
			"sourceTree": "SOURCE_ROOT"
		},
		"3C2912ED-1E41-4FB7-A018-D15CA702398F": {
			"explicitFileType": "sourcecode.c.h",
			"fileEncoding": "4",
			"isa": "PBXFileReference",
			"name": "ofxTskokmtMath.h",
			"path": "src/addons/ofxTskokmtMath/src/ofxTskokmtMath.h",
			"sourceTree": "SOURCE_ROOT"
		},
		"4064FA53-588E-4FC3-8E64-52FDF832398D": {
			"fileRef": "6C4DD016-F724-45CF-9636-F2C3A9C88EFF",
			"isa": "PBXBuildFile"
		},
		"4264FC57-A3B2-45EC-A209-CC0547D18A78": {
			"explicitFileType": "sourcecode.c.h",
			"fileEncoding": "4",
			"isa": "PBXFileReference",
			"name": "visual05.h",
			"path": "src/visual05.h",
			"sourceTree": "SOURCE_ROOT"
		},
		"47F29134-3B11-457A-9DD5-AA746C004D1E": {
			"explicitFileType": "sourcecode.c.h",
			"fileEncoding": "4",
			"isa": "PBXFileReference",
			"name": "HStack.h",
			"path": "src/addons/ofxFrameOcean/src/HStack.h",
			"sourceTree": "SOURCE_ROOT"
		},
		"4DA3D96A-0425-40F8-A9C3-89C42E707A11": {
			"children": [
				"E2B0CAE1-CDBD-4F24-87DF-01E5DE9F8EA5"
			],
			"isa": "PBXGroup",
			"name": "ofxFrameOcean",
			"path": "src/addons/ofxFrameOcean",
			"sourceTree": "SOURCE_ROOT"
		},
		"6731187F-96F2-4963-9A92-30B8870A9B99": {
			"explicitFileType": "sourcecode.cpp.cpp",
			"fileEncoding": "4",
			"isa": "PBXFileReference",
			"name": "HStack.cpp",
			"path": "src/addons/ofxFrameOcean/src/HStack.cpp",
			"sourceTree": "SOURCE_ROOT"
		},
		"6C4DD016-F724-45CF-9636-F2C3A9C88EFF": {
			"explicitFileType": "sourcecode.cpp.cpp",
			"fileEncoding": "4",
			"isa": "PBXFileReference",
			"name": "marginBand.cpp",
			"path": "src/addons/ofxFrameOcean/src/marginBand.cpp",
			"sourceTree": "SOURCE_ROOT"
		},
		"8A83084E-B7CE-4248-ADAC-DDE325B6BE56": {
			"children": [
				"284A7045-C157-4C69-843C-2E74D254BE02",
				"3C2912ED-1E41-4FB7-A018-D15CA702398F"
			],
			"isa": "PBXGroup",
			"name": "src",
			"path": "src/addons/ofxTskokmtMath/src",
			"sourceTree": "SOURCE_ROOT"
		},
		"BB4B014C10F69532006C3DED": {
			"children": [],
			"isa": "PBXGroup",
			"name": "addons",
			"path": "/Users/tskokmt/Downloads/of_v0.12.0_osx_release/addons",
			"sourceTree": "<group>"
		},
		"C13D7628-9597-4BDD-A1EC-9A4E07A5D6A9": {
			"fileRef": "284A7045-C157-4C69-843C-2E74D254BE02",
			"isa": "PBXBuildFile"
		},
		"C95937F4-1DCD-4B2D-9E15-3FD20A8B0E7E": {
			"fileRef": "6731187F-96F2-4963-9A92-30B8870A9B99",
			"isa": "PBXBuildFile"
		},
		"D0A652B1-8ECE-4F42-8914-B7379B0E1D16": {
			"explicitFileType": "sourcecode.c.h",
			"fileEncoding": "4",
			"isa": "PBXFileReference",
			"name": "VStack.h",
			"path": "src/addons/ofxFrameOcean/src/VStack.h",
			"sourceTree": "SOURCE_ROOT"
		},
		"E2B0CAE1-CDBD-4F24-87DF-01E5DE9F8EA5": {
			"children": [
				"6731187F-96F2-4963-9A92-30B8870A9B99",
				"47F29134-3B11-457A-9DD5-AA746C004D1E",
				"0590E651-B00E-40B7-898B-C25781D91C8B",
				"D0A652B1-8ECE-4F42-8914-B7379B0E1D16",
				"6C4DD016-F724-45CF-9636-F2C3A9C88EFF",
				"1A419062-F988-43B7-84A2-20642DBF39C8",
				"33C933E8-4EA5-45EA-B82B-FB5123A26F52"
			],
			"isa": "PBXGroup",
			"name": "src",
			"path": "src/addons/ofxFrameOcean/src",
			"sourceTree": "SOURCE_ROOT"
		},
		"E42962A92163ECCD00A6A9E2": {
			"alwaysOutOfDate": "1",
			"buildActionMask": "2147483647",
			"files": [],
			"inputPaths": [],
			"isa": "PBXShellScriptBuildPhase",
			"name": "Run Script — Compile OF",
			"outputPaths": [],
			"runOnlyForDeploymentPostprocessing": "0",
			"shellPath": "/bin/sh",
			"shellScript": "echo \"💾 Compiling Openframeworks\"\nxcodebuild -project \"$OF_PATH/libs/openFrameworksCompiled/project/osx/openFrameworksLib.xcodeproj\" -target openFrameworks -configuration \"${CONFIGURATION}\"  CLANG_CXX_LANGUAGE_STANDARD=$CLANG_CXX_LANGUAGE_STANDARD MACOSX_DEPLOYMENT_TARGET=$MACOSX_DEPLOYMENT_TARGET GCC_PREPROCESSOR_DEFINITIONS=$USER_PREPROCESSOR_DEFINITIONS\n",
			"showEnvVarsInLog": "0"
		},
		"E4A5B60F29BAAAE400C2D356": {
			"buildActionMask": "2147483647",
			"dstPath": "",
			"dstSubfolderSpec": "6",
			"files": [],
			"isa": "PBXCopyFilesBuildPhase",
			"runOnlyForDeploymentPostprocessing": "0"
		},
		"E4B69B4A0A3A1720003C02F2": {
			"children": [
				"191CD6FA2847E21E0085CBB6",
				"E4B6FCAD0C3E899E008CF71C",
				"E4EB6923138AFD0F00A09F29",
				"E4B69E1C0A3A1BDC003C02F2",
				"191EF70929D778A400F35F26",
				"BB4B014C10F69532006C3DED",
				"E4B69B5B0A3A1756003C02F2"
			],
			"isa": "PBXGroup",
			"sourceTree": "<group>"
		},
		"E4B69B4C0A3A1720003C02F2": {
			"attributes": {
				"LastUpgradeCheck": "0600"
			},
			"buildConfigurationList": "E4B69B4D0A3A1720003C02F2",
			"compatibilityVersion": "Xcode 3.2",
			"developmentRegion": "en",
			"hasScannedForEncodings": "0",
			"isa": "PBXProject",
			"knownRegions": [
				"en",
				"Base"
			],
			"mainGroup": "E4B69B4A0A3A1720003C02F2",
			"productRefGroup": "E4B69B4A0A3A1720003C02F2",
			"projectDirPath": "",
			"projectRoot": "",
			"targets": [
				"E4B69B5A0A3A1756003C02F2"
			]
		},
		"E4B69B4D0A3A1720003C02F2": {
			"buildConfigurations": [
				"E4B69B4E0A3A1720003C02F2",
				"E4B69B4F0A3A1720003C02F2"
			],
			"defaultConfigurationIsVisible": "0",
			"defaultConfigurationName": "Release",
			"isa": "XCConfigurationList"
		},
		"E4B69B4E0A3A1720003C02F2": {
			"baseConfigurationReference": "E4EB6923138AFD0F00A09F29",
			"buildSettings": {
				"CODE_SIGN_ENTITLEMENTS": "of.entitlements",
				"COPY_PHASE_STRIP": "NO",
				"ENABLE_TESTABILITY": "YES",
				"GCC_OPTIMIZATION_LEVEL": "0",
				"GCC_WARN_UNUSED_VARIABLE": "NO",
				"HEADER_SEARCH_PATHS": [
					"$(OF_CORE_HEADERS)",
					"src"
				],
				"OTHER_CPLUSPLUSFLAGS": "-D__MACOSX_CORE__"
			},
			"isa": "XCBuildConfiguration",
			"name": "Debug"
		},
		"E4B69B4F0A3A1720003C02F2": {
			"baseConfigurationReference": "E4EB6923138AFD0F00A09F29",
			"buildSettings": {
				"CODE_SIGN_ENTITLEMENTS": "of.entitlements",
				"COPY_PHASE_STRIP": "YES",
				"GCC_OPTIMIZATION_LEVEL": "3",
				"GCC_UNROLL_LOOPS": "YES",
				"HEADER_SEARCH_PATHS": [
					"$(OF_CORE_HEADERS)",
					"src"
				],
				"OTHER_CPLUSPLUSFLAGS": "-D__MACOSX_CORE__"
			},
			"isa": "XCBuildConfiguration",
			"name": "Release"
		},
		"E4B69B580A3A1756003C02F2": {
			"buildActionMask": "2147483647",
			"files": [
				"E4B69E200A3A1BDC003C02F2",
				"E4B69E210A3A1BDC003C02F2",
				"C95937F4-1DCD-4B2D-9E15-3FD20A8B0E7E",
				"FA47AEDA-9453-4A0A-BD2D-5E67F2AB5101",
				"4064FA53-588E-4FC3-8E64-52FDF832398D",
				"C13D7628-9597-4BDD-A1EC-9A4E07A5D6A9",
				"F7CF17CA-ED75-47C7-A4F9-2A1B8C2E8230"
			],
			"isa": "PBXSourcesBuildPhase",
			"runOnlyForDeploymentPostprocessing": "0"
		},
		"E4B69B590A3A1756003C02F2": {
			"buildActionMask": "2147483647",
			"files": [],
			"isa": "PBXFrameworksBuildPhase",
			"runOnlyForDeploymentPostprocessing": "0"
		},
		"E4B69B5A0A3A1756003C02F2": {
			"buildConfigurationList": "E4B69B5F0A3A1757003C02F2",
			"buildPhases": [
				"E42962A92163ECCD00A6A9E2",
				"E4B69B580A3A1756003C02F2",
				"E4B69B590A3A1756003C02F2",
				"E4C2427710CC5ABF004149E2",
				"E4A5B60F29BAAAE400C2D356",
				"19B789C429E5AB4A0082E9B8"
			],
			"buildRules": [],
			"dependencies": [],
			"isa": "PBXNativeTarget",
			"name": "Kumazawa Design 05",
			"productName": "myOFApp",
			"productReference": "E4B69B5B0A3A1756003C02F2",
			"productType": "com.apple.product-type.application"
		},
		"E4B69B5B0A3A1756003C02F2": {
			"explicitFileType": "wrapper.application",
			"includeInIndex": "0",
			"isa": "PBXFileReference",
			"path": "Kumazawa Design 05Debug.app",
			"sourceTree": "BUILT_PRODUCTS_DIR"
		},
		"E4B69B5F0A3A1757003C02F2": {
			"buildConfigurations": [
				"E4B69B600A3A1757003C02F2",
				"E4B69B610A3A1757003C02F2"
			],
			"defaultConfigurationIsVisible": "0",
			"defaultConfigurationName": "Release",
			"isa": "XCConfigurationList"
		},
		"E4B69B600A3A1757003C02F2": {
			"baseConfigurationReference": "E4EB6923138AFD0F00A09F29",
			"buildSettings": {
				"ARCHS": "$(ARCHS_STANDARD)",
				"COPY_PHASE_STRIP": "NO",
				"FRAMEWORK_SEARCH_PATHS": "$(inherited)",
				"GCC_DYNAMIC_NO_PIC": "NO",
				"HEADER_SEARCH_PATHS": [
					"$(OF_CORE_HEADERS)",
					"src",
					"src/addons/ofxFrameOcean/src",
					"src/addons/ofxTskokmtMath/src",
					"src"
				],
				"LIBRARY_SEARCH_PATHS": "$(inherited)",
				"OTHER_LDFLAGS": [
					"$(OF_CORE_LIBS)",
					"$(OF_CORE_FRAMEWORKS)",
					"$(LIB_OF_DEBUG)"
				]
			},
			"isa": "XCBuildConfiguration",
			"name": "Debug"
		},
		"E4B69B610A3A1757003C02F2": {
			"baseConfigurationReference": "E4EB6923138AFD0F00A09F29",
			"buildSettings": {
				"ARCHS": "$(ARCHS_STANDARD)",
				"COPY_PHASE_STRIP": "YES",
				"FRAMEWORK_SEARCH_PATHS": "$(inherited)",
				"HEADER_SEARCH_PATHS": [
					"$(OF_CORE_HEADERS)",
					"src",
					"src/addons/ofxFrameOcean/src",
					"src/addons/ofxTskokmtMath/src",
					"src"
				],
				"LIBRARY_SEARCH_PATHS": "$(inherited)",
				"OTHER_LDFLAGS": [
					"$(OF_CORE_LIBS)",
					"$(OF_CORE_FRAMEWORKS)",
					"$(LIB_OF)"
				],
				"baseConfigurationReference": "E4EB6923138AFD0F00A09F29"
			},
			"isa": "XCBuildConfiguration",
			"name": "Release"
		},
		"E4B69E1C0A3A1BDC003C02F2": {
			"children": [
				"E4B69E1D0A3A1BDC003C02F2",
				"E4B69E1E0A3A1BDC003C02F2",
				"E4B69E1F0A3A1BDC003C02F2",
				"16A37B65-A0E1-4B92-AC83-DD67AF35ADF5",
				"06CBCCA4-91CF-45CE-B722-FED0F27F2570",
				"4264FC57-A3B2-45EC-A209-CC0547D18A78"
			],
			"isa": "PBXGroup",
			"path": "src",
			"sourceTree": "SOURCE_ROOT"
		},
		"E4B69E1D0A3A1BDC003C02F2": {
			"fileEncoding": "4",
			"isa": "PBXFileReference",
			"lastKnownFileType": "sourcecode.cpp.cpp",
			"name": "main.cpp",
			"path": "src/main.cpp",
			"sourceTree": "SOURCE_ROOT"
		},
		"E4B69E1E0A3A1BDC003C02F2": {
			"explicitFileType": "sourcecode.cpp.cpp",
			"fileEncoding": "4",
			"isa": "PBXFileReference",
			"name": "ofApp.cpp",
			"path": "src/ofApp.cpp",
			"sourceTree": "SOURCE_ROOT"
		},
		"E4B69E1F0A3A1BDC003C02F2": {
			"fileEncoding": "4",
			"isa": "PBXFileReference",
			"lastKnownFileType": "sourcecode.c.h",
			"name": "ofApp.h",
			"path": "src/ofApp.h",
			"sourceTree": "SOURCE_ROOT"
		},
		"E4B69E200A3A1BDC003C02F2": {
			"fileRef": "E4B69E1D0A3A1BDC003C02F2",
			"isa": "PBXBuildFile"
		},
		"E4B69E210A3A1BDC003C02F2": {
			"fileRef": "E4B69E1E0A3A1BDC003C02F2",
			"isa": "PBXBuildFile"
		},
		"E4B6FCAD0C3E899E008CF71C": {
			"fileEncoding": "4",
			"isa": "PBXFileReference",
			"lastKnownFileType": "text.plist.xml",
			"path": "openFrameworks-Info.plist",
			"sourceTree": "<group>"
		},
		"E4C2427710CC5ABF004149E2": {
			"buildActionMask": "2147483647",
			"dstPath": "",
			"dstSubfolderSpec": "10",
			"files": [],
			"isa": "PBXCopyFilesBuildPhase",
			"runOnlyForDeploymentPostprocessing": "0"
		},
		"E4EB6923138AFD0F00A09F29": {
			"fileEncoding": "4",
			"isa": "PBXFileReference",
			"lastKnownFileType": "text.xcconfig",
			"path": "Project.xcconfig",
			"sourceTree": "<group>"
		},
		"F7CF17CA-ED75-47C7-A4F9-2A1B8C2E8230": {
			"fileRef": "06CBCCA4-91CF-45CE-B722-FED0F27F2570",
			"isa": "PBXBuildFile"
		},
		"FA47AEDA-9453-4A0A-BD2D-5E67F2AB5101": {
			"fileRef": "0590E651-B00E-40B7-898B-C25781D91C8B",
			"isa": "PBXBuildFile"
		}
	},
	"openFrameworksProjectGeneratorVersion": "21",
	"rootObject": "E4B69B4C0A3A1720003C02F2"
}